{
  "name": "selectmap",
  "version": "1.0.0",
  "lockfileVersion": 2,
  "requires": true,
  "packages": {
    "": {
      "name": "selectmap",
      "version": "1.0.0",
      "license": "ISC",
      "dependencies": {
        "js-circle-progress": "^0.2.4"
      }
    },
    "node_modules/js-circle-progress": {
      "version": "0.2.4",
      "resolved": "https://registry.npmjs.org/js-circle-progress/-/js-circle-progress-0.2.4.tgz",
      "integrity": "sha512-WKlRBk8E5wYNVyjTduGdsTFrCB4SrKPP44cTD8d2hwv/6RJZnDIdbfd64L2TLg+dRWDRzO8p0Hs5dPp0M3d09w=="
    }
  },
  "dependencies": {
    "js-circle-progress": {
      "version": "0.2.4",
      "resolved": "https://registry.npmjs.org/js-circle-progress/-/js-circle-progress-0.2.4.tgz",
      "integrity": "sha512-WKlRBk8E5wYNVyjTduGdsTFrCB4SrKPP44cTD8d2hwv/6RJZnDIdbfd64L2TLg+dRWDRzO8p0Hs5dPp0M3d09w=="
    }
  }
}
